// !$*UTF8*$!
{
	archiveVersion = 1;
	classes = {
	};
	objectVersion = 55;
	objects = {

/* Begin PBXBuildFile section */
		023F829127617404008F14D0 /* WaterfallLayout.swift in Sources */ = {isa = PBXBuildFile; fileRef = 023F829027617404008F14D0 /* WaterfallLayout.swift */; };
		025AC3C1275E9DDE00174BA2 /* AppDelegate.swift in Sources */ = {isa = PBXBuildFile; fileRef = 025AC3C0275E9DDE00174BA2 /* AppDelegate.swift */; };
		025AC3CA275E9DDF00174BA2 /* Assets.xcassets in Resources */ = {isa = PBXBuildFile; fileRef = 025AC3C9275E9DDF00174BA2 /* Assets.xcassets */; };
		025AC3CD275E9DDF00174BA2 /* LaunchScreen.storyboard in Resources */ = {isa = PBXBuildFile; fileRef = 025AC3CB275E9DDF00174BA2 /* LaunchScreen.storyboard */; };
		025AC3D6275E9FE000174BA2 /* MainTabBarController.swift in Sources */ = {isa = PBXBuildFile; fileRef = 025AC3D5275E9FE000174BA2 /* MainTabBarController.swift */; };
		025AC3D8275EA09400174BA2 /* PhotoCollectionViewController.swift in Sources */ = {isa = PBXBuildFile; fileRef = 025AC3D7275EA09400174BA2 /* PhotoCollectionViewController.swift */; };
		025AC3DA275EA2C700174BA2 /* PhotoTableViewController.swift in Sources */ = {isa = PBXBuildFile; fileRef = 025AC3D9275EA2C700174BA2 /* PhotoTableViewController.swift */; };
		025AC3DC275EB88A00174BA2 /* NetworkService.swift in Sources */ = {isa = PBXBuildFile; fileRef = 025AC3DB275EB88A00174BA2 /* NetworkService.swift */; };
		025AC3DE275EC95800174BA2 /* NetworkDataFetcher.swift in Sources */ = {isa = PBXBuildFile; fileRef = 025AC3DD275EC95800174BA2 /* NetworkDataFetcher.swift */; };
		025AC3E0275EC9A400174BA2 /* SearchResults.swift in Sources */ = {isa = PBXBuildFile; fileRef = 025AC3DF275EC9A400174BA2 /* SearchResults.swift */; };
		025AC3E327612F9600174BA2 /* PhotoCollectionCell.swift in Sources */ = {isa = PBXBuildFile; fileRef = 025AC3E227612F9600174BA2 /* PhotoCollectionCell.swift */; };
		0DEF28A007F5A162F8FF428A /* Pods_Photo_Application.framework in Frameworks */ = {isa = PBXBuildFile; fileRef = 8FEE3CD891C68A397240B438 /* Pods_Photo_Application.framework */; };
/* End PBXBuildFile section */

/* Begin PBXFileReference section */
		023F829027617404008F14D0 /* WaterfallLayout.swift */ = {isa = PBXFileReference; fileEncoding = 4; lastKnownFileType = sourcecode.swift; path = WaterfallLayout.swift; sourceTree = "<group>"; };
		025AC3BD275E9DDE00174BA2 /* Photo Application.app */ = {isa = PBXFileReference; explicitFileType = wrapper.application; includeInIndex = 0; path = "Photo Application.app"; sourceTree = BUILT_PRODUCTS_DIR; };
		025AC3C0275E9DDE00174BA2 /* AppDelegate.swift */ = {isa = PBXFileReference; lastKnownFileType = sourcecode.swift; path = AppDelegate.swift; sourceTree = "<group>"; };
		025AC3C9275E9DDF00174BA2 /* Assets.xcassets */ = {isa = PBXFileReference; lastKnownFileType = folder.assetcatalog; path = Assets.xcassets; sourceTree = "<group>"; };
		025AC3CC275E9DDF00174BA2 /* Base */ = {isa = PBXFileReference; lastKnownFileType = file.storyboard; name = Base; path = Base.lproj/LaunchScreen.storyboard; sourceTree = "<group>"; };
		025AC3CE275E9DDF00174BA2 /* Info.plist */ = {isa = PBXFileReference; lastKnownFileType = text.plist.xml; path = Info.plist; sourceTree = "<group>"; };
		025AC3D5275E9FE000174BA2 /* MainTabBarController.swift */ = {isa = PBXFileReference; lastKnownFileType = sourcecode.swift; path = MainTabBarController.swift; sourceTree = "<group>"; };
		025AC3D7275EA09400174BA2 /* PhotoCollectionViewController.swift */ = {isa = PBXFileReference; lastKnownFileType = sourcecode.swift; path = PhotoCollectionViewController.swift; sourceTree = "<group>"; };
		025AC3D9275EA2C700174BA2 /* PhotoTableViewController.swift */ = {isa = PBXFileReference; lastKnownFileType = sourcecode.swift; path = PhotoTableViewController.swift; sourceTree = "<group>"; };
		025AC3DB275EB88A00174BA2 /* NetworkService.swift */ = {isa = PBXFileReference; lastKnownFileType = sourcecode.swift; path = NetworkService.swift; sourceTree = "<group>"; };
		025AC3DD275EC95800174BA2 /* NetworkDataFetcher.swift */ = {isa = PBXFileReference; lastKnownFileType = sourcecode.swift; path = NetworkDataFetcher.swift; sourceTree = "<group>"; };
		025AC3DF275EC9A400174BA2 /* SearchResults.swift */ = {isa = PBXFileReference; lastKnownFileType = sourcecode.swift; path = SearchResults.swift; sourceTree = "<group>"; };
		025AC3E227612F9600174BA2 /* PhotoCollectionCell.swift */ = {isa = PBXFileReference; lastKnownFileType = sourcecode.swift; path = PhotoCollectionCell.swift; sourceTree = "<group>"; };
		810C04A22086925F834F92D5 /* Pods-Photo Application.release.xcconfig */ = {isa = PBXFileReference; includeInIndex = 1; lastKnownFileType = text.xcconfig; name = "Pods-Photo Application.release.xcconfig"; path = "Target Support Files/Pods-Photo Application/Pods-Photo Application.release.xcconfig"; sourceTree = "<group>"; };
		8FEE3CD891C68A397240B438 /* Pods_Photo_Application.framework */ = {isa = PBXFileReference; explicitFileType = wrapper.framework; includeInIndex = 0; path = Pods_Photo_Application.framework; sourceTree = BUILT_PRODUCTS_DIR; };
		D52F69A98ACADC0B5FEB61EB /* Pods-Photo Application.debug.xcconfig */ = {isa = PBXFileReference; includeInIndex = 1; lastKnownFileType = text.xcconfig; name = "Pods-Photo Application.debug.xcconfig"; path = "Target Support Files/Pods-Photo Application/Pods-Photo Application.debug.xcconfig"; sourceTree = "<group>"; };
/* End PBXFileReference section */

/* Begin PBXFrameworksBuildPhase section */
		025AC3BA275E9DDE00174BA2 /* Frameworks */ = {
			isa = PBXFrameworksBuildPhase;
			buildActionMask = 2147483647;
			files = (
				0DEF28A007F5A162F8FF428A /* Pods_Photo_Application.framework in Frameworks */,
			);
			runOnlyForDeploymentPostprocessing = 0;
		};
/* End PBXFrameworksBuildPhase section */

/* Begin PBXGroup section */
		025AC3B4275E9DDE00174BA2 = {
			isa = PBXGroup;
			children = (
				025AC3BF275E9DDE00174BA2 /* Photo Application */,
				025AC3BE275E9DDE00174BA2 /* Products */,
				B4F3FA32AA994988C55EBF86 /* Pods */,
				A19D4038DA2E58CF4D0BEFEF /* Frameworks */,
			);
			sourceTree = "<group>";
		};
		025AC3BE275E9DDE00174BA2 /* Products */ = {
			isa = PBXGroup;
			children = (
				025AC3BD275E9DDE00174BA2 /* Photo Application.app */,
			);
			name = Products;
			sourceTree = "<group>";
		};
		025AC3BF275E9DDE00174BA2 /* Photo Application */ = {
			isa = PBXGroup;
			children = (
				023F829027617404008F14D0 /* WaterfallLayout.swift */,
				025AC3E1275EC9B400174BA2 /* Model */,
				025AC3DB275EB88A00174BA2 /* NetworkService.swift */,
				025AC3DD275EC95800174BA2 /* NetworkDataFetcher.swift */,
				025AC3D5275E9FE000174BA2 /* MainTabBarController.swift */,
				025AC3D9275EA2C700174BA2 /* PhotoTableViewController.swift */,
				025AC3D7275EA09400174BA2 /* PhotoCollectionViewController.swift */,
				025AC3E227612F9600174BA2 /* PhotoCollectionCell.swift */,
				025AC3D4275E9DFF00174BA2 /* Resources */,
			);
			path = "Photo Application";
			sourceTree = "<group>";
		};
		025AC3D4275E9DFF00174BA2 /* Resources */ = {
			isa = PBXGroup;
			children = (
				025AC3CB275E9DDF00174BA2 /* LaunchScreen.storyboard */,
				025AC3C9275E9DDF00174BA2 /* Assets.xcassets */,
				025AC3C0275E9DDE00174BA2 /* AppDelegate.swift */,
				025AC3CE275E9DDF00174BA2 /* Info.plist */,
			);
			path = Resources;
			sourceTree = "<group>";
		};
		025AC3E1275EC9B400174BA2 /* Model */ = {
			isa = PBXGroup;
			children = (
				025AC3DF275EC9A400174BA2 /* SearchResults.swift */,
			);
			path = Model;
			sourceTree = "<group>";
		};
		A19D4038DA2E58CF4D0BEFEF /* Frameworks */ = {
			isa = PBXGroup;
			children = (
				8FEE3CD891C68A397240B438 /* Pods_Photo_Application.framework */,
			);
			name = Frameworks;
			sourceTree = "<group>";
		};
		B4F3FA32AA994988C55EBF86 /* Pods */ = {
			isa = PBXGroup;
			children = (
				D52F69A98ACADC0B5FEB61EB /* Pods-Photo Application.debug.xcconfig */,
				810C04A22086925F834F92D5 /* Pods-Photo Application.release.xcconfig */,
			);
			path = Pods;
			sourceTree = "<group>";
		};
/* End PBXGroup section */

/* Begin PBXNativeTarget section */
		025AC3BC275E9DDE00174BA2 /* Photo Application */ = {
			isa = PBXNativeTarget;
			buildConfigurationList = 025AC3D1275E9DDF00174BA2 /* Build configuration list for PBXNativeTarget "Photo Application" */;
			buildPhases = (
				159FE4D92FC0C169D996A51D /* [CP] Check Pods Manifest.lock */,
				025AC3B9275E9DDE00174BA2 /* Sources */,
				025AC3BA275E9DDE00174BA2 /* Frameworks */,
				025AC3BB275E9DDE00174BA2 /* Resources */,
				B1B67E5A3E616CD50443DB2B /* [CP] Embed Pods Frameworks */,
			);
			buildRules = (
			);
			dependencies = (
			);
			name = "Photo Application";
			productName = "Photo Application";
			productReference = 025AC3BD275E9DDE00174BA2 /* Photo Application.app */;
			productType = "com.apple.product-type.application";
		};
/* End PBXNativeTarget section */

/* Begin PBXProject section */
		025AC3B5275E9DDE00174BA2 /* Project object */ = {
			isa = PBXProject;
			attributes = {
				BuildIndependentTargetsInParallel = 1;
				LastSwiftUpdateCheck = 1310;
				LastUpgradeCheck = 1310;
				TargetAttributes = {
					025AC3BC275E9DDE00174BA2 = {
						CreatedOnToolsVersion = 13.1;
					};
				};
			};
			buildConfigurationList = 025AC3B8275E9DDE00174BA2 /* Build configuration list for PBXProject "Photo Application" */;
			compatibilityVersion = "Xcode 13.0";
			developmentRegion = en;
			hasScannedForEncodings = 0;
			knownRegions = (
				en,
				Base,
			);
			mainGroup = 025AC3B4275E9DDE00174BA2;
			productRefGroup = 025AC3BE275E9DDE00174BA2 /* Products */;
			projectDirPath = "";
			projectRoot = "";
			targets = (
				025AC3BC275E9DDE00174BA2 /* Photo Application */,
			);
		};
/* End PBXProject section */

/* Begin PBXResourcesBuildPhase section */
		025AC3BB275E9DDE00174BA2 /* Resources */ = {
			isa = PBXResourcesBuildPhase;
			buildActionMask = 2147483647;
			files = (
				025AC3CD275E9DDF00174BA2 /* LaunchScreen.storyboard in Resources */,
				025AC3CA275E9DDF00174BA2 /* Assets.xcassets in Resources */,
			);
			runOnlyForDeploymentPostprocessing = 0;
		};
/* End PBXResourcesBuildPhase section */

/* Begin PBXShellScriptBuildPhase section */
		159FE4D92FC0C169D996A51D /* [CP] Check Pods Manifest.lock */ = {
			isa = PBXShellScriptBuildPhase;
			buildActionMask = 2147483647;
			files = (
			);
			inputFileListPaths = (
			);
			inputPaths = (
				"${PODS_PODFILE_DIR_PATH}/Podfile.lock",
				"${PODS_ROOT}/Manifest.lock",
			);
			name = "[CP] Check Pods Manifest.lock";
			outputFileListPaths = (
			);
			outputPaths = (
				"$(DERIVED_FILE_DIR)/Pods-Photo Application-checkManifestLockResult.txt",
			);
			runOnlyForDeploymentPostprocessing = 0;
			shellPath = /bin/sh;
			shellScript = "diff \"${PODS_PODFILE_DIR_PATH}/Podfile.lock\" \"${PODS_ROOT}/Manifest.lock\" > /dev/null\nif [ $? != 0 ] ; then\n    # print error to STDERR\n    echo \"error: The sandbox is not in sync with the Podfile.lock. Run 'pod install' or update your CocoaPods installation.\" >&2\n    exit 1\nfi\n# This output is used by Xcode 'outputs' to avoid re-running this script phase.\necho \"SUCCESS\" > \"${SCRIPT_OUTPUT_FILE_0}\"\n";
			showEnvVarsInLog = 0;
		};
		B1B67E5A3E616CD50443DB2B /* [CP] Embed Pods Frameworks */ = {
			isa = PBXShellScriptBuildPhase;
			buildActionMask = 2147483647;
			files = (
			);
			inputFileListPaths = (
				"${PODS_ROOT}/Target Support Files/Pods-Photo Application/Pods-Photo Application-frameworks-${CONFIGURATION}-input-files.xcfilelist",
			);
			name = "[CP] Embed Pods Frameworks";
			outputFileListPaths = (
				"${PODS_ROOT}/Target Support Files/Pods-Photo Application/Pods-Photo Application-frameworks-${CONFIGURATION}-output-files.xcfilelist",
			);
			runOnlyForDeploymentPostprocessing = 0;
			shellPath = /bin/sh;
			shellScript = "\"${PODS_ROOT}/Target Support Files/Pods-Photo Application/Pods-Photo Application-frameworks.sh\"\n";
			showEnvVarsInLog = 0;
		};
/* End PBXShellScriptBuildPhase section */

/* Begin PBXSourcesBuildPhase section */
		025AC3B9275E9DDE00174BA2 /* Sources */ = {
			isa = PBXSourcesBuildPhase;
			buildActionMask = 2147483647;
			files = (
				025AC3DE275EC95800174BA2 /* NetworkDataFetcher.swift in Sources */,
				025AC3DC275EB88A00174BA2 /* NetworkService.swift in Sources */,
				025AC3E327612F9600174BA2 /* PhotoCollectionCell.swift in Sources */,
				025AC3C1275E9DDE00174BA2 /* AppDelegate.swift in Sources */,
				025AC3D8275EA09400174BA2 /* PhotoCollectionViewController.swift in Sources */,
				025AC3E0275EC9A400174BA2 /* SearchResults.swift in Sources */,
				025AC3DA275EA2C700174BA2 /* PhotoTableViewController.swift in Sources */,
				023F829127617404008F14D0 /* WaterfallLayout.swift in Sources */,
				025AC3D6275E9FE000174BA2 /* MainTabBarController.swift in Sources */,
			);
			runOnlyForDeploymentPostprocessing = 0;
		};
/* End PBXSourcesBuildPhase section */

/* Begin PBXVariantGroup section */
		025AC3CB275E9DDF00174BA2 /* LaunchScreen.storyboard */ = {
			isa = PBXVariantGroup;
			children = (
				025AC3CC275E9DDF00174BA2 /* Base */,
			);
			name = LaunchScreen.storyboard;
			sourceTree = "<group>";
		};
/* End PBXVariantGroup section */

/* Begin XCBuildConfiguration section */
		025AC3CF275E9DDF00174BA2 /* Debug */ = {
			isa = XCBuildConfiguration;
			buildSettings = {
				ALWAYS_SEARCH_USER_PATHS = NO;
				CLANG_ANALYZER_NONNULL = YES;
				CLANG_ANALYZER_NUMBER_OBJECT_CONVERSION = YES_AGGRESSIVE;
				CLANG_CXX_LANGUAGE_STANDARD = "gnu++17";
				CLANG_CXX_LIBRARY = "libc++";
				CLANG_ENABLE_MODULES = YES;
				CLANG_ENABLE_OBJC_ARC = YES;
				CLANG_ENABLE_OBJC_WEAK = YES;
				CLANG_WARN_BLOCK_CAPTURE_AUTORELEASING = YES;
				CLANG_WARN_BOOL_CONVERSION = YES;
				CLANG_WARN_COMMA = YES;
				CLANG_WARN_CONSTANT_CONVERSION = YES;
				CLANG_WARN_DEPRECATED_OBJC_IMPLEMENTATIONS = YES;
				CLANG_WARN_DIRECT_OBJC_ISA_USAGE = YES_ERROR;
				CLANG_WARN_DOCUMENTATION_COMMENTS = YES;
				CLANG_WARN_EMPTY_BODY = YES;
				CLANG_WARN_ENUM_CONVERSION = YES;
				CLANG_WARN_INFINITE_RECURSION = YES;
				CLANG_WARN_INT_CONVERSION = YES;
				CLANG_WARN_NON_LITERAL_NULL_CONVERSION = YES;
				CLANG_WARN_OBJC_IMPLICIT_RETAIN_SELF = YES;
				CLANG_WARN_OBJC_LITERAL_CONVERSION = YES;
				CLANG_WARN_OBJC_ROOT_CLASS = YES_ERROR;
				CLANG_WARN_QUOTED_INCLUDE_IN_FRAMEWORK_HEADER = YES;
				CLANG_WARN_RANGE_LOOP_ANALYSIS = YES;
				CLANG_WARN_STRICT_PROTOTYPES = YES;
				CLANG_WARN_SUSPICIOUS_MOVE = YES;
				CLANG_WARN_UNGUARDED_AVAILABILITY = YES_AGGRESSIVE;
				CLANG_WARN_UNREACHABLE_CODE = YES;
				CLANG_WARN__DUPLICATE_METHOD_MATCH = YES;
				COPY_PHASE_STRIP = NO;
				DEBUG_INFORMATION_FORMAT = dwarf;
				ENABLE_STRICT_OBJC_MSGSEND = YES;
				ENABLE_TESTABILITY = YES;
				GCC_C_LANGUAGE_STANDARD = gnu11;
				GCC_DYNAMIC_NO_PIC = NO;
				GCC_NO_COMMON_BLOCKS = YES;
				GCC_OPTIMIZATION_LEVEL = 0;
				GCC_PREPROCESSOR_DEFINITIONS = (
					"DEBUG=1",
					"$(inherited)",
				);
				GCC_WARN_64_TO_32_BIT_CONVERSION = YES;
				GCC_WARN_ABOUT_RETURN_TYPE = YES_ERROR;
				GCC_WARN_UNDECLARED_SELECTOR = YES;
				GCC_WARN_UNINITIALIZED_AUTOS = YES_AGGRESSIVE;
				GCC_WARN_UNUSED_FUNCTION = YES;
				GCC_WARN_UNUSED_VARIABLE = YES;
				IPHONEOS_DEPLOYMENT_TARGET = 15.0;
				MTL_ENABLE_DEBUG_INFO = INCLUDE_SOURCE;
				MTL_FAST_MATH = YES;
				ONLY_ACTIVE_ARCH = YES;
				SDKROOT = iphoneos;
				SWIFT_ACTIVE_COMPILATION_CONDITIONS = DEBUG;
				SWIFT_OPTIMIZATION_LEVEL = "-Onone";
			};
			name = Debug;
		};
		025AC3D0275E9DDF00174BA2 /* Release */ = {
			isa = XCBuildConfiguration;
			buildSettings = {
				ALWAYS_SEARCH_USER_PATHS = NO;
				CLANG_ANALYZER_NONNULL = YES;
				CLANG_ANALYZER_NUMBER_OBJECT_CONVERSION = YES_AGGRESSIVE;
				CLANG_CXX_LANGUAGE_STANDARD = "gnu++17";
				CLANG_CXX_LIBRARY = "libc++";
				CLANG_ENABLE_MODULES = YES;
				CLANG_ENABLE_OBJC_ARC = YES;
				CLANG_ENABLE_OBJC_WEAK = YES;
				CLANG_WARN_BLOCK_CAPTURE_AUTORELEASING = YES;
				CLANG_WARN_BOOL_CONVERSION = YES;
				CLANG_WARN_COMMA = YES;
				CLANG_WARN_CONSTANT_CONVERSION = YES;
				CLANG_WARN_DEPRECATED_OBJC_IMPLEMENTATIONS = YES;
				CLANG_WARN_DIRECT_OBJC_ISA_USAGE = YES_ERROR;
				CLANG_WARN_DOCUMENTATION_COMMENTS = YES;
				CLANG_WARN_EMPTY_BODY = YES;
				CLANG_WARN_ENUM_CONVERSION = YES;
				CLANG_WARN_INFINITE_RECURSION = YES;
				CLANG_WARN_INT_CONVERSION = YES;
				CLANG_WARN_NON_LITERAL_NULL_CONVERSION = YES;
				CLANG_WARN_OBJC_IMPLICIT_RETAIN_SELF = YES;
				CLANG_WARN_OBJC_LITERAL_CONVERSION = YES;
				CLANG_WARN_OBJC_ROOT_CLASS = YES_ERROR;
				CLANG_WARN_QUOTED_INCLUDE_IN_FRAMEWORK_HEADER = YES;
				CLANG_WARN_RANGE_LOOP_ANALYSIS = YES;
				CLANG_WARN_STRICT_PROTOTYPES = YES;
				CLANG_WARN_SUSPICIOUS_MOVE = YES;
				CLANG_WARN_UNGUARDED_AVAILABILITY = YES_AGGRESSIVE;
				CLANG_WARN_UNREACHABLE_CODE = YES;
				CLANG_WARN__DUPLICATE_METHOD_MATCH = YES;
				COPY_PHASE_STRIP = NO;
				DEBUG_INFORMATION_FORMAT = "dwarf-with-dsym";
				ENABLE_NS_ASSERTIONS = NO;
				ENABLE_STRICT_OBJC_MSGSEND = YES;
				GCC_C_LANGUAGE_STANDARD = gnu11;
				GCC_NO_COMMON_BLOCKS = YES;
				GCC_WARN_64_TO_32_BIT_CONVERSION = YES;
				GCC_WARN_ABOUT_RETURN_TYPE = YES_ERROR;
				GCC_WARN_UNDECLARED_SELECTOR = YES;
				GCC_WARN_UNINITIALIZED_AUTOS = YES_AGGRESSIVE;
				GCC_WARN_UNUSED_FUNCTION = YES;
				GCC_WARN_UNUSED_VARIABLE = YES;
				IPHONEOS_DEPLOYMENT_TARGET = 15.0;
				MTL_ENABLE_DEBUG_INFO = NO;
				MTL_FAST_MATH = YES;
				SDKROOT = iphoneos;
				SWIFT_COMPILATION_MODE = wholemodule;
				SWIFT_OPTIMIZATION_LEVEL = "-O";
				VALIDATE_PRODUCT = YES;
			};
			name = Release;
		};
		025AC3D2275E9DDF00174BA2 /* Debug */ = {
			isa = XCBuildConfiguration;
			baseConfigurationReference = D52F69A98ACADC0B5FEB61EB /* Pods-Photo Application.debug.xcconfig */;
			buildSettings = {
				ASSETCATALOG_COMPILER_APPICON_NAME = AppIcon;
				ASSETCATALOG_COMPILER_GLOBAL_ACCENT_COLOR_NAME = AccentColor;
				CODE_SIGN_STYLE = Automatic;
				CURRENT_PROJECT_VERSION = 1;
				DEVELOPMENT_TEAM = BJNJ35894G;
				GENERATE_INFOPLIST_FILE = YES;
				INFOPLIST_FILE = "Photo Application/Resources/Info.plist";
				INFOPLIST_KEY_UIApplicationSupportsIndirectInputEvents = YES;
				INFOPLIST_KEY_UILaunchStoryboardName = LaunchScreen;
				INFOPLIST_KEY_UISupportedInterfaceOrientations_iPad = "UIInterfaceOrientationPortrait UIInterfaceOrientationPortraitUpsideDown UIInterfaceOrientationLandscapeLeft UIInterfaceOrientationLandscapeRight";
				INFOPLIST_KEY_UISupportedInterfaceOrientations_iPhone = "UIInterfaceOrientationPortrait UIInterfaceOrientationLandscapeLeft UIInterfaceOrientationLandscapeRight";
				LD_RUNPATH_SEARCH_PATHS = (
					"$(inherited)",
					"@executable_path/Frameworks",
				);
				MARKETING_VERSION = 1.0;
				PRODUCT_BUNDLE_IDENTIFIER = "alexanderkovzhut.Photo-Application";
				PRODUCT_NAME = "$(TARGET_NAME)";
				SWIFT_EMIT_LOC_STRINGS = YES;
				SWIFT_VERSION = 5.0;
				TARGETED_DEVICE_FAMILY = 1;
			};
			name = Debug;
		};
		025AC3D3275E9DDF00174BA2 /* Release */ = {
			isa = XCBuildConfiguration;
			baseConfigurationReference = 810C04A22086925F834F92D5 /* Pods-Photo Application.release.xcconfig */;
			buildSettings = {
				ASSETCATALOG_COMPILER_APPICON_NAME = AppIcon;
				ASSETCATALOG_COMPILER_GLOBAL_ACCENT_COLOR_NAME = AccentColor;
				CODE_SIGN_STYLE = Automatic;
				CURRENT_PROJECT_VERSION = 1;
				DEVELOPMENT_TEAM = BJNJ35894G;
				GENERATE_INFOPLIST_FILE = YES;
				INFOPLIST_FILE = "Photo Application/Resources/Info.plist";
				INFOPLIST_KEY_UIApplicationSupportsIndirectInputEvents = YES;
				INFOPLIST_KEY_UILaunchStoryboardName = LaunchScreen;
				INFOPLIST_KEY_UISupportedInterfaceOrientations_iPad = "UIInterfaceOrientationPortrait UIInterfaceOrientationPortraitUpsideDown UIInterfaceOrientationLandscapeLeft UIInterfaceOrientationLandscapeRight";
				INFOPLIST_KEY_UISupportedInterfaceOrientations_iPhone = "UIInterfaceOrientationPortrait UIInterfaceOrientationLandscapeLeft UIInterfaceOrientationLandscapeRight";
				LD_RUNPATH_SEARCH_PATHS = (
					"$(inherited)",
					"@executable_path/Frameworks",
				);
				MARKETING_VERSION = 1.0;
				PRODUCT_BUNDLE_IDENTIFIER = "alexanderkovzhut.Photo-Application";
				PRODUCT_NAME = "$(TARGET_NAME)";
				SWIFT_EMIT_LOC_STRINGS = YES;
				SWIFT_VERSION = 5.0;
				TARGETED_DEVICE_FAMILY = 1;
			};
			name = Release;
		};
/* End XCBuildConfiguration section */

/* Begin XCConfigurationList section */
		025AC3B8275E9DDE00174BA2 /* Build configuration list for PBXProject "Photo Application" */ = {
			isa = XCConfigurationList;
			buildConfigurations = (
				025AC3CF275E9DDF00174BA2 /* Debug */,
				025AC3D0275E9DDF00174BA2 /* Release */,
			);
			defaultConfigurationIsVisible = 0;
			defaultConfigurationName = Release;
		};
		025AC3D1275E9DDF00174BA2 /* Build configuration list for PBXNativeTarget "Photo Application" */ = {
			isa = XCConfigurationList;
			buildConfigurations = (
				025AC3D2275E9DDF00174BA2 /* Debug */,
				025AC3D3275E9DDF00174BA2 /* Release */,
			);
			defaultConfigurationIsVisible = 0;
			defaultConfigurationName = Release;
		};
/* End XCConfigurationList section */
	};
	rootObject = 025AC3B5275E9DDE00174BA2 /* Project object */;
}
